
Microsoft Visual Studio Solution File, Format Version 12.00
# Visual Studio Version 17
VisualStudioVersion = 17.14.36121.58 d17.14
MinimumVisualStudioVersion = 10.0.40219.1
Project("{FAE04EC0-301F-11D3-BF4B-00C04F79EFBC}") = "1", "1\1.csproj", "{9F025174-4E05-4B60-83C8-7CF2FFDBA697}"
EndProject
Project("{FAE04EC0-301F-11D3-BF4B-00C04F79EFBC}") = "Enteros", "Enteros\Enteros.csproj", "{2818FBC2-2B75-4721-91DA-0EEA16079BF8}"
EndProject
Project("{FAE04EC0-301F-11D3-BF4B-00C04F79EFBC}") = "Reales", "Reales\Reales.csproj", "{8200A139-B58B-407D-8E3C-0A8FB7CFD4BE}"
EndProject
Project("{FAE04EC0-301F-11D3-BF4B-00C04F79EFBC}") = "Strings", "Strings\Strings.csproj", "{B0A095B2-F5E0-49D5-ACDD-8701F0DC80C5}"
EndProject
Project("{2150E333-8FDC-42A3-9474-1A3956D46DE8}") = "100.000", "100.000", "{02EA681E-C7D8-13C7-8484-4AC65E1B71E8}"
EndProject
Project("{2150E333-8FDC-42A3-9474-1A3956D46DE8}") = "500.000", "500.000", "{54563E81-FFD4-4689-A6BC-25C6B5EB73AE}"
EndProject
Project("{2150E333-8FDC-42A3-9474-1A3956D46DE8}") = "1.000.000", "1.000.000", "{EB5907ED-B930-4346-9A8A-C54B31A86EA0}"
EndProject
Project("{2150E333-8FDC-42A3-9474-1A3956D46DE8}") = "5.000.000", "5.000.000", "{61695083-908D-4410-BF6B-367F13B4D75D}"
EndProject
Project("{FAE04EC0-301F-11D3-BF4B-00C04F79EFBC}") = "Enteros,500", "Enteros,500\Enteros,500.csproj", "{D1FE5B7D-941A-4B5C-A816-947C566955C8}"
EndProject
Project("{FAE04EC0-301F-11D3-BF4B-00C04F79EFBC}") = "Reales,5.000.000", "Reales,5.000.000\Reales,5.000.000.csproj", "{7F097C90-5395-48B5-920B-774B26346BF3}"
EndProject
Project("{FAE04EC0-301F-11D3-BF4B-00C04F79EFBC}") = "Strings,5.000.000", "Strings,5.000.000\Strings,5.000.000.csproj", "{3C58B86B-2CF1-4B8C-94E4-950CAF938E9B}"
EndProject
Project("{FAE04EC0-301F-11D3-BF4B-00C04F79EFBC}") = "Enteros,500.000", "Enteros,500.000\Enteros,500.000.csproj", "{5E385CB4-1046-4161-9B70-CC47270853C2}"
EndProject
Project("{FAE04EC0-301F-11D3-BF4B-00C04F79EFBC}") = "Reales,500.000", "Reales,500.000\Reales,500.000.csproj", "{3C35F6BF-CD9D-41E9-9AD4-52699B754C08}"
EndProject
Project("{FAE04EC0-301F-11D3-BF4B-00C04F79EFBC}") = "Strings,500.000", "Strings,500.000\Strings,500.000.csproj", "{A2171B6F-F50E-4A9D-AC89-7CFEC3A98F31}"
EndProject
Project("{FAE04EC0-301F-11D3-BF4B-00C04F79EFBC}") = "Enteros,1.000.000", "Enteros,1.000.000\Enteros,1.000.000.csproj", "{2C23A4E0-D96B-4E52-8631-5C2AE18C7095}"
EndProject
Project("{FAE04EC0-301F-11D3-BF4B-00C04F79EFBC}") = "Reales,1.000.000", "Reales,1.000.000\Reales,1.000.000.csproj", "{36FD1030-FEEC-419E-B935-F748F678D059}"
EndProject
Project("{FAE04EC0-301F-11D3-BF4B-00C04F79EFBC}") = "Strings,1.000.000", "Strings,1.000.000\Strings,1.000.000.csproj", "{B554F4BB-F0E3-42E2-B292-92E45349F3E7}"
EndProject
Global
	GlobalSection(SolutionConfigurationPlatforms) = preSolution
		Debug|Any CPU = Debug|Any CPU
		Release|Any CPU = Release|Any CPU
	EndGlobalSection
	GlobalSection(ProjectConfigurationPlatforms) = postSolution
		{9F025174-4E05-4B60-83C8-7CF2FFDBA697}.Debug|Any CPU.ActiveCfg = Debug|Any CPU
		{9F025174-4E05-4B60-83C8-7CF2FFDBA697}.Debug|Any CPU.Build.0 = Debug|Any CPU
		{9F025174-4E05-4B60-83C8-7CF2FFDBA697}.Release|Any CPU.ActiveCfg = Release|Any CPU
		{9F025174-4E05-4B60-83C8-7CF2FFDBA697}.Release|Any CPU.Build.0 = Release|Any CPU
		{2818FBC2-2B75-4721-91DA-0EEA16079BF8}.Debug|Any CPU.ActiveCfg = Debug|Any CPU
		{2818FBC2-2B75-4721-91DA-0EEA16079BF8}.Debug|Any CPU.Build.0 = Debug|Any CPU
		{2818FBC2-2B75-4721-91DA-0EEA16079BF8}.Release|Any CPU.ActiveCfg = Release|Any CPU
		{2818FBC2-2B75-4721-91DA-0EEA16079BF8}.Release|Any CPU.Build.0 = Release|Any CPU
		{8200A139-B58B-407D-8E3C-0A8FB7CFD4BE}.Debug|Any CPU.ActiveCfg = Debug|Any CPU
		{8200A139-B58B-407D-8E3C-0A8FB7CFD4BE}.Debug|Any CPU.Build.0 = Debug|Any CPU
		{8200A139-B58B-407D-8E3C-0A8FB7CFD4BE}.Release|Any CPU.ActiveCfg = Release|Any CPU
		{8200A139-B58B-407D-8E3C-0A8FB7CFD4BE}.Release|Any CPU.Build.0 = Release|Any CPU
		{B0A095B2-F5E0-49D5-ACDD-8701F0DC80C5}.Debug|Any CPU.ActiveCfg = Debug|Any CPU
		{B0A095B2-F5E0-49D5-ACDD-8701F0DC80C5}.Debug|Any CPU.Build.0 = Debug|Any CPU
		{B0A095B2-F5E0-49D5-ACDD-8701F0DC80C5}.Release|Any CPU.ActiveCfg = Release|Any CPU
		{B0A095B2-F5E0-49D5-ACDD-8701F0DC80C5}.Release|Any CPU.Build.0 = Release|Any CPU
		{D1FE5B7D-941A-4B5C-A816-947C566955C8}.Debug|Any CPU.ActiveCfg = Debug|Any CPU
		{D1FE5B7D-941A-4B5C-A816-947C566955C8}.Debug|Any CPU.Build.0 = Debug|Any CPU
		{D1FE5B7D-941A-4B5C-A816-947C566955C8}.Release|Any CPU.ActiveCfg = Release|Any CPU
		{D1FE5B7D-941A-4B5C-A816-947C566955C8}.Release|Any CPU.Build.0 = Release|Any CPU
		{7F097C90-5395-48B5-920B-774B26346BF3}.Debug|Any CPU.ActiveCfg = Debug|Any CPU
		{7F097C90-5395-48B5-920B-774B26346BF3}.Debug|Any CPU.Build.0 = Debug|Any CPU
		{7F097C90-5395-48B5-920B-774B26346BF3}.Release|Any CPU.ActiveCfg = Release|Any CPU
		{7F097C90-5395-48B5-920B-774B26346BF3}.Release|Any CPU.Build.0 = Release|Any CPU
		{3C58B86B-2CF1-4B8C-94E4-950CAF938E9B}.Debug|Any CPU.ActiveCfg = Debug|Any CPU
		{3C58B86B-2CF1-4B8C-94E4-950CAF938E9B}.Debug|Any CPU.Build.0 = Debug|Any CPU
		{3C58B86B-2CF1-4B8C-94E4-950CAF938E9B}.Release|Any CPU.ActiveCfg = Release|Any CPU
		{3C58B86B-2CF1-4B8C-94E4-950CAF938E9B}.Release|Any CPU.Build.0 = Release|Any CPU
		{5E385CB4-1046-4161-9B70-CC47270853C2}.Debug|Any CPU.ActiveCfg = Debug|Any CPU
		{5E385CB4-1046-4161-9B70-CC47270853C2}.Debug|Any CPU.Build.0 = Debug|Any CPU
		{5E385CB4-1046-4161-9B70-CC47270853C2}.Release|Any CPU.ActiveCfg = Release|Any CPU
		{5E385CB4-1046-4161-9B70-CC47270853C2}.Release|Any CPU.Build.0 = Release|Any CPU
		{3C35F6BF-CD9D-41E9-9AD4-52699B754C08}.Debug|Any CPU.ActiveCfg = Debug|Any CPU
		{3C35F6BF-CD9D-41E9-9AD4-52699B754C08}.Debug|Any CPU.Build.0 = Debug|Any CPU
		{3C35F6BF-CD9D-41E9-9AD4-52699B754C08}.Release|Any CPU.ActiveCfg = Release|Any CPU
		{3C35F6BF-CD9D-41E9-9AD4-52699B754C08}.Release|Any CPU.Build.0 = Release|Any CPU
		{A2171B6F-F50E-4A9D-AC89-7CFEC3A98F31}.Debug|Any CPU.ActiveCfg = Debug|Any CPU
		{A2171B6F-F50E-4A9D-AC89-7CFEC3A98F31}.Debug|Any CPU.Build.0 = Debug|Any CPU
		{A2171B6F-F50E-4A9D-AC89-7CFEC3A98F31}.Release|Any CPU.ActiveCfg = Release|Any CPU
		{A2171B6F-F50E-4A9D-AC89-7CFEC3A98F31}.Release|Any CPU.Build.0 = Release|Any CPU
		{2C23A4E0-D96B-4E52-8631-5C2AE18C7095}.Debug|Any CPU.ActiveCfg = Debug|Any CPU
		{2C23A4E0-D96B-4E52-8631-5C2AE18C7095}.Debug|Any CPU.Build.0 = Debug|Any CPU
		{2C23A4E0-D96B-4E52-8631-5C2AE18C7095}.Release|Any CPU.ActiveCfg = Release|Any CPU
		{2C23A4E0-D96B-4E52-8631-5C2AE18C7095}.Release|Any CPU.Build.0 = Release|Any CPU
		{36FD1030-FEEC-419E-B935-F748F678D059}.Debug|Any CPU.ActiveCfg = Debug|Any CPU
		{36FD1030-FEEC-419E-B935-F748F678D059}.Debug|Any CPU.Build.0 = Debug|Any CPU
		{36FD1030-FEEC-419E-B935-F748F678D059}.Release|Any CPU.ActiveCfg = Release|Any CPU
		{36FD1030-FEEC-419E-B935-F748F678D059}.Release|Any CPU.Build.0 = Release|Any CPU
		{B554F4BB-F0E3-42E2-B292-92E45349F3E7}.Debug|Any CPU.ActiveCfg = Debug|Any CPU
		{B554F4BB-F0E3-42E2-B292-92E45349F3E7}.Debug|Any CPU.Build.0 = Debug|Any CPU
		{B554F4BB-F0E3-42E2-B292-92E45349F3E7}.Release|Any CPU.ActiveCfg = Release|Any CPU
		{B554F4BB-F0E3-42E2-B292-92E45349F3E7}.Release|Any CPU.Build.0 = Release|Any CPU
	EndGlobalSection
	GlobalSection(SolutionProperties) = preSolution
		HideSolutionNode = FALSE
	EndGlobalSection
	GlobalSection(NestedProjects) = preSolution
		{2818FBC2-2B75-4721-91DA-0EEA16079BF8} = {02EA681E-C7D8-13C7-8484-4AC65E1B71E8}
		{8200A139-B58B-407D-8E3C-0A8FB7CFD4BE} = {02EA681E-C7D8-13C7-8484-4AC65E1B71E8}
		{B0A095B2-F5E0-49D5-ACDD-8701F0DC80C5} = {02EA681E-C7D8-13C7-8484-4AC65E1B71E8}
		{D1FE5B7D-941A-4B5C-A816-947C566955C8} = {61695083-908D-4410-BF6B-367F13B4D75D}
		{7F097C90-5395-48B5-920B-774B26346BF3} = {61695083-908D-4410-BF6B-367F13B4D75D}
		{3C58B86B-2CF1-4B8C-94E4-950CAF938E9B} = {61695083-908D-4410-BF6B-367F13B4D75D}
		{5E385CB4-1046-4161-9B70-CC47270853C2} = {54563E81-FFD4-4689-A6BC-25C6B5EB73AE}
		{3C35F6BF-CD9D-41E9-9AD4-52699B754C08} = {54563E81-FFD4-4689-A6BC-25C6B5EB73AE}
		{A2171B6F-F50E-4A9D-AC89-7CFEC3A98F31} = {54563E81-FFD4-4689-A6BC-25C6B5EB73AE}
		{2C23A4E0-D96B-4E52-8631-5C2AE18C7095} = {EB5907ED-B930-4346-9A8A-C54B31A86EA0}
		{36FD1030-FEEC-419E-B935-F748F678D059} = {EB5907ED-B930-4346-9A8A-C54B31A86EA0}
		{B554F4BB-F0E3-42E2-B292-92E45349F3E7} = {EB5907ED-B930-4346-9A8A-C54B31A86EA0}
	EndGlobalSection
	GlobalSection(ExtensibilityGlobals) = postSolution
		SolutionGuid = {AE2564E8-3FCE-4AC2-9FB0-25CCA98E7313}
	EndGlobalSection
EndGlobal
